
Microsoft Visual Studio Solution File, Format Version 12.00
# Visual Studio Version 18
VisualStudioVersion = 18.3.11312.210
MinimumVisualStudioVersion = 10.0.40219.1
Project("{FAE04EC0-301F-11D3-BF4B-00C04F79EFBC}") = "QMSFlowDoc.Shared", "src\QMSFlowDoc.Shared\QMSFlowDoc.Shared.csproj", "{7C2E4F2B-2B2B-4B2B-8B2B-2B2B2B2B2B2B}"
EndProject
Project("{2150E333-8FDC-42A3-9474-1A3956D46DE8}") = "src", "src", "{827E0CD3-B72D-47B6-A68D-7590B98EB39B}"
EndProject
Project("{FAE04EC0-301F-11D3-BF4B-00C04F79EFBC}") = "QMSFlowDoc.Client", "src\QMSFlowDoc.Client\QMSFlowDoc.Client.csproj", "{AE37770D-3D4B-4795-86FA-45AAD02645E2}"
EndProject
Project("{FAE04EC0-301F-11D3-BF4B-00C04F79EFBC}") = "QMSFlowDoc.Package", "src\QMSFlowDoc.Package\QMSFlowDoc.Package.csproj", "{970113B0-60EA-4B43-8783-4BDFBF5A5C9D}"
EndProject
Project("{FAE04EC0-301F-11D3-BF4B-00C04F79EFBC}") = "QMSFlowDoc.Data", "src\QMSFlowDoc.Data\QMSFlowDoc.Data.csproj", "{2F4ABE4C-A763-4163-B1EC-54C74B0F69FE}"
EndProject
Project("{FAE04EC0-301F-11D3-BF4B-00C04F79EFBC}") = "QMSFlowDoc.DocumentStorage", "src\QMSFlowDoc.DocumentStorage\QMSFlowDoc.DocumentStorage.csproj", "{D645DA1A-F325-4F0E-9D36-314443F4ED8E}"
EndProject
Project("{FAE04EC0-301F-11D3-BF4B-00C04F79EFBC}") = "QMSFlowDoc.BackupService", "src\QMSFlowDoc.BackupService\QMSFlowDoc.BackupService.csproj", "{26F97B4F-0E60-455B-97B3-26821928293A}"
EndProject
Project("{FAE04EC0-301F-11D3-BF4B-00C04F79EFBC}") = "QMSFlowDoc.ServerConfigurator", "src\QMSFlowDoc.ServerConfigurator\QMSFlowDoc.ServerConfigurator.csproj", "{E1B664FF-1086-492F-B6C8-B2175672034A}"
EndProject
Project("{FAE04EC0-301F-11D3-BF4B-00C04F79EFBC}") = "QMSFlowDoc.MigrationTool", "src\QMSFlowDoc.MigrationTool\QMSFlowDoc.MigrationTool.csproj", "{0935B452-05C1-4011-A57A-5920C0C6045E}"
EndProject
Project("{FAE04EC0-301F-11D3-BF4B-00C04F79EFBC}") = "QMSFlowDoc.Web", "src\QMSFlowDoc.Web\QMSFlowDoc.Web.csproj", "{B74D8D4B-C8B8-4E96-B37B-B9B2F9271E4B}"
EndProject
Global
	GlobalSection(SolutionConfigurationPlatforms) = preSolution
		Debug|Any CPU = Debug|Any CPU
		Debug|x64 = Debug|x64
		Debug|x86 = Debug|x86
		Release|Any CPU = Release|Any CPU
		Release|x64 = Release|x64
		Release|x86 = Release|x86
	EndGlobalSection
	GlobalSection(ProjectConfigurationPlatforms) = postSolution
		{7C2E4F2B-2B2B-4B2B-8B2B-2B2B2B2B2B2B}.Debug|Any CPU.ActiveCfg = Debug|Any CPU
		{7C2E4F2B-2B2B-4B2B-8B2B-2B2B2B2B2B2B}.Debug|Any CPU.Build.0 = Debug|Any CPU
		{7C2E4F2B-2B2B-4B2B-8B2B-2B2B2B2B2B2B}.Debug|x64.ActiveCfg = Debug|Any CPU
		{7C2E4F2B-2B2B-4B2B-8B2B-2B2B2B2B2B2B}.Debug|x64.Build.0 = Debug|Any CPU
		{7C2E4F2B-2B2B-4B2B-8B2B-2B2B2B2B2B2B}.Debug|x86.ActiveCfg = Debug|Any CPU
		{7C2E4F2B-2B2B-4B2B-8B2B-2B2B2B2B2B2B}.Debug|x86.Build.0 = Debug|Any CPU
		{7C2E4F2B-2B2B-4B2B-8B2B-2B2B2B2B2B2B}.Release|Any CPU.ActiveCfg = Release|Any CPU
		{7C2E4F2B-2B2B-4B2B-8B2B-2B2B2B2B2B2B}.Release|Any CPU.Build.0 = Release|Any CPU
		{7C2E4F2B-2B2B-4B2B-8B2B-2B2B2B2B2B2B}.Release|x64.ActiveCfg = Release|Any CPU
		{7C2E4F2B-2B2B-4B2B-8B2B-2B2B2B2B2B2B}.Release|x64.Build.0 = Release|Any CPU
		{7C2E4F2B-2B2B-4B2B-8B2B-2B2B2B2B2B2B}.Release|x86.ActiveCfg = Release|Any CPU
		{7C2E4F2B-2B2B-4B2B-8B2B-2B2B2B2B2B2B}.Release|x86.Build.0 = Release|Any CPU
		{AE37770D-3D4B-4795-86FA-45AAD02645E2}.Debug|Any CPU.ActiveCfg = Debug|x86
		{AE37770D-3D4B-4795-86FA-45AAD02645E2}.Debug|Any CPU.Build.0 = Debug|x86
		{AE37770D-3D4B-4795-86FA-45AAD02645E2}.Debug|x64.ActiveCfg = Debug|x64
		{AE37770D-3D4B-4795-86FA-45AAD02645E2}.Debug|x64.Build.0 = Debug|x64
		{AE37770D-3D4B-4795-86FA-45AAD02645E2}.Debug|x86.ActiveCfg = Debug|x86
		{AE37770D-3D4B-4795-86FA-45AAD02645E2}.Debug|x86.Build.0 = Debug|x86
		{AE37770D-3D4B-4795-86FA-45AAD02645E2}.Release|Any CPU.ActiveCfg = Release|x86
		{AE37770D-3D4B-4795-86FA-45AAD02645E2}.Release|Any CPU.Build.0 = Release|x86
		{AE37770D-3D4B-4795-86FA-45AAD02645E2}.Release|x64.ActiveCfg = Release|x64
		{AE37770D-3D4B-4795-86FA-45AAD02645E2}.Release|x64.Build.0 = Release|x64
		{AE37770D-3D4B-4795-86FA-45AAD02645E2}.Release|x86.ActiveCfg = Release|x86
		{AE37770D-3D4B-4795-86FA-45AAD02645E2}.Release|x86.Build.0 = Release|x86
		{970113B0-60EA-4B43-8783-4BDFBF5A5C9D}.Debug|Any CPU.ActiveCfg = Debug|x64
		{970113B0-60EA-4B43-8783-4BDFBF5A5C9D}.Debug|Any CPU.Build.0 = Debug|x64
		{970113B0-60EA-4B43-8783-4BDFBF5A5C9D}.Debug|Any CPU.Deploy.0 = Debug|x64
		{970113B0-60EA-4B43-8783-4BDFBF5A5C9D}.Debug|x64.ActiveCfg = Debug|x64
		{970113B0-60EA-4B43-8783-4BDFBF5A5C9D}.Debug|x64.Build.0 = Debug|x64
		{970113B0-60EA-4B43-8783-4BDFBF5A5C9D}.Debug|x64.Deploy.0 = Debug|x64
		{970113B0-60EA-4B43-8783-4BDFBF5A5C9D}.Debug|x86.ActiveCfg = Debug|x86
		{970113B0-60EA-4B43-8783-4BDFBF5A5C9D}.Debug|x86.Build.0 = Debug|x86
		{970113B0-60EA-4B43-8783-4BDFBF5A5C9D}.Debug|x86.Deploy.0 = Debug|x86
		{970113B0-60EA-4B43-8783-4BDFBF5A5C9D}.Release|Any CPU.ActiveCfg = Release|x64
		{970113B0-60EA-4B43-8783-4BDFBF5A5C9D}.Release|Any CPU.Build.0 = Release|x64
		{970113B0-60EA-4B43-8783-4BDFBF5A5C9D}.Release|Any CPU.Deploy.0 = Release|x64
		{970113B0-60EA-4B43-8783-4BDFBF5A5C9D}.Release|x64.ActiveCfg = Release|x64
		{970113B0-60EA-4B43-8783-4BDFBF5A5C9D}.Release|x64.Build.0 = Release|x64
		{970113B0-60EA-4B43-8783-4BDFBF5A5C9D}.Release|x64.Deploy.0 = Release|x64
		{970113B0-60EA-4B43-8783-4BDFBF5A5C9D}.Release|x86.ActiveCfg = Release|x86
		{970113B0-60EA-4B43-8783-4BDFBF5A5C9D}.Release|x86.Build.0 = Release|x86
		{970113B0-60EA-4B43-8783-4BDFBF5A5C9D}.Release|x86.Deploy.0 = Release|x86
		{2F4ABE4C-A763-4163-B1EC-54C74B0F69FE}.Debug|Any CPU.ActiveCfg = Debug|Any CPU
		{2F4ABE4C-A763-4163-B1EC-54C74B0F69FE}.Debug|Any CPU.Build.0 = Debug|Any CPU
		{2F4ABE4C-A763-4163-B1EC-54C74B0F69FE}.Debug|x64.ActiveCfg = Debug|Any CPU
		{2F4ABE4C-A763-4163-B1EC-54C74B0F69FE}.Debug|x64.Build.0 = Debug|Any CPU
		{2F4ABE4C-A763-4163-B1EC-54C74B0F69FE}.Debug|x86.ActiveCfg = Debug|Any CPU
		{2F4ABE4C-A763-4163-B1EC-54C74B0F69FE}.Debug|x86.Build.0 = Debug|Any CPU
		{2F4ABE4C-A763-4163-B1EC-54C74B0F69FE}.Release|Any CPU.ActiveCfg = Release|Any CPU
		{2F4ABE4C-A763-4163-B1EC-54C74B0F69FE}.Release|Any CPU.Build.0 = Release|Any CPU
		{2F4ABE4C-A763-4163-B1EC-54C74B0F69FE}.Release|x64.ActiveCfg = Release|Any CPU
		{2F4ABE4C-A763-4163-B1EC-54C74B0F69FE}.Release|x64.Build.0 = Release|Any CPU
		{2F4ABE4C-A763-4163-B1EC-54C74B0F69FE}.Release|x86.ActiveCfg = Release|Any CPU
		{2F4ABE4C-A763-4163-B1EC-54C74B0F69FE}.Release|x86.Build.0 = Release|Any CPU
		{D645DA1A-F325-4F0E-9D36-314443F4ED8E}.Debug|Any CPU.ActiveCfg = Debug|Any CPU
		{D645DA1A-F325-4F0E-9D36-314443F4ED8E}.Debug|Any CPU.Build.0 = Debug|Any CPU
		{D645DA1A-F325-4F0E-9D36-314443F4ED8E}.Debug|x64.ActiveCfg = Debug|Any CPU
		{D645DA1A-F325-4F0E-9D36-314443F4ED8E}.Debug|x64.Build.0 = Debug|Any CPU
		{D645DA1A-F325-4F0E-9D36-314443F4ED8E}.Debug|x86.ActiveCfg = Debug|Any CPU
		{D645DA1A-F325-4F0E-9D36-314443F4ED8E}.Debug|x86.Build.0 = Debug|Any CPU
		{D645DA1A-F325-4F0E-9D36-314443F4ED8E}.Release|Any CPU.ActiveCfg = Release|Any CPU
		{D645DA1A-F325-4F0E-9D36-314443F4ED8E}.Release|Any CPU.Build.0 = Release|Any CPU
		{D645DA1A-F325-4F0E-9D36-314443F4ED8E}.Release|x64.ActiveCfg = Release|Any CPU
		{D645DA1A-F325-4F0E-9D36-314443F4ED8E}.Release|x64.Build.0 = Release|Any CPU
		{D645DA1A-F325-4F0E-9D36-314443F4ED8E}.Release|x86.ActiveCfg = Release|Any CPU
		{D645DA1A-F325-4F0E-9D36-314443F4ED8E}.Release|x86.Build.0 = Release|Any CPU
		{26F97B4F-0E60-455B-97B3-26821928293A}.Debug|Any CPU.ActiveCfg = Debug|Any CPU
		{26F97B4F-0E60-455B-97B3-26821928293A}.Debug|Any CPU.Build.0 = Debug|Any CPU
		{26F97B4F-0E60-455B-97B3-26821928293A}.Debug|x64.ActiveCfg = Debug|Any CPU
		{26F97B4F-0E60-455B-97B3-26821928293A}.Debug|x64.Build.0 = Debug|Any CPU
		{26F97B4F-0E60-455B-97B3-26821928293A}.Debug|x86.ActiveCfg = Debug|Any CPU
		{26F97B4F-0E60-455B-97B3-26821928293A}.Debug|x86.Build.0 = Debug|Any CPU
		{26F97B4F-0E60-455B-97B3-26821928293A}.Release|Any CPU.ActiveCfg = Release|Any CPU
		{26F97B4F-0E60-455B-97B3-26821928293A}.Release|Any CPU.Build.0 = Release|Any CPU
		{26F97B4F-0E60-455B-97B3-26821928293A}.Release|x64.ActiveCfg = Release|Any CPU
		{26F97B4F-0E60-455B-97B3-26821928293A}.Release|x64.Build.0 = Release|Any CPU
		{26F97B4F-0E60-455B-97B3-26821928293A}.Release|x86.ActiveCfg = Release|Any CPU
		{26F97B4F-0E60-455B-97B3-26821928293A}.Release|x86.Build.0 = Release|Any CPU
		{E1B664FF-1086-492F-B6C8-B2175672034A}.Debug|Any CPU.ActiveCfg = Debug|Any CPU
		{E1B664FF-1086-492F-B6C8-B2175672034A}.Debug|Any CPU.Build.0 = Debug|Any CPU
		{E1B664FF-1086-492F-B6C8-B2175672034A}.Debug|x64.ActiveCfg = Debug|Any CPU
		{E1B664FF-1086-492F-B6C8-B2175672034A}.Debug|x64.Build.0 = Debug|Any CPU
		{E1B664FF-1086-492F-B6C8-B2175672034A}.Debug|x86.ActiveCfg = Debug|Any CPU
		{E1B664FF-1086-492F-B6C8-B2175672034A}.Debug|x86.Build.0 = Debug|Any CPU
		{E1B664FF-1086-492F-B6C8-B2175672034A}.Release|Any CPU.ActiveCfg = Release|Any CPU
		{E1B664FF-1086-492F-B6C8-B2175672034A}.Release|Any CPU.Build.0 = Release|Any CPU
		{E1B664FF-1086-492F-B6C8-B2175672034A}.Release|x64.ActiveCfg = Release|Any CPU
		{E1B664FF-1086-492F-B6C8-B2175672034A}.Release|x64.Build.0 = Release|Any CPU
		{E1B664FF-1086-492F-B6C8-B2175672034A}.Release|x86.ActiveCfg = Release|Any CPU
		{E1B664FF-1086-492F-B6C8-B2175672034A}.Release|x86.Build.0 = Release|Any CPU
		{0935B452-05C1-4011-A57A-5920C0C6045E}.Debug|Any CPU.ActiveCfg = Debug|Any CPU
		{0935B452-05C1-4011-A57A-5920C0C6045E}.Debug|Any CPU.Build.0 = Debug|Any CPU
		{0935B452-05C1-4011-A57A-5920C0C6045E}.Debug|x64.ActiveCfg = Debug|Any CPU
		{0935B452-05C1-4011-A57A-5920C0C6045E}.Debug|x64.Build.0 = Debug|Any CPU
		{0935B452-05C1-4011-A57A-5920C0C6045E}.Debug|x86.ActiveCfg = Debug|Any CPU
		{0935B452-05C1-4011-A57A-5920C0C6045E}.Debug|x86.Build.0 = Debug|Any CPU
		{0935B452-05C1-4011-A57A-5920C0C6045E}.Release|Any CPU.ActiveCfg = Release|Any CPU
		{0935B452-05C1-4011-A57A-5920C0C6045E}.Release|Any CPU.Build.0 = Release|Any CPU
		{0935B452-05C1-4011-A57A-5920C0C6045E}.Release|x64.ActiveCfg = Release|Any CPU
		{0935B452-05C1-4011-A57A-5920C0C6045E}.Release|x64.Build.0 = Release|Any CPU
		{0935B452-05C1-4011-A57A-5920C0C6045E}.Release|x86.ActiveCfg = Release|Any CPU
		{0935B452-05C1-4011-A57A-5920C0C6045E}.Release|x86.Build.0 = Release|Any CPU
		{B74D8D4B-C8B8-4E96-B37B-B9B2F9271E4B}.Debug|Any CPU.ActiveCfg = Debug|Any CPU
		{B74D8D4B-C8B8-4E96-B37B-B9B2F9271E4B}.Debug|Any CPU.Build.0 = Debug|Any CPU
		{B74D8D4B-C8B8-4E96-B37B-B9B2F9271E4B}.Debug|x64.ActiveCfg = Debug|Any CPU
		{B74D8D4B-C8B8-4E96-B37B-B9B2F9271E4B}.Debug|x64.Build.0 = Debug|Any CPU
		{B74D8D4B-C8B8-4E96-B37B-B9B2F9271E4B}.Debug|x86.ActiveCfg = Debug|Any CPU
		{B74D8D4B-C8B8-4E96-B37B-B9B2F9271E4B}.Debug|x86.Build.0 = Debug|Any CPU
		{B74D8D4B-C8B8-4E96-B37B-B9B2F9271E4B}.Release|Any CPU.ActiveCfg = Release|Any CPU
		{B74D8D4B-C8B8-4E96-B37B-B9B2F9271E4B}.Release|Any CPU.Build.0 = Release|Any CPU
		{B74D8D4B-C8B8-4E96-B37B-B9B2F9271E4B}.Release|x64.ActiveCfg = Release|Any CPU
		{B74D8D4B-C8B8-4E96-B37B-B9B2F9271E4B}.Release|x64.Build.0 = Release|Any CPU
		{B74D8D4B-C8B8-4E96-B37B-B9B2F9271E4B}.Release|x86.ActiveCfg = Release|Any CPU
		{B74D8D4B-C8B8-4E96-B37B-B9B2F9271E4B}.Release|x86.Build.0 = Release|Any CPU
	EndGlobalSection
	GlobalSection(SolutionProperties) = preSolution
		HideSolutionNode = FALSE
	EndGlobalSection
	GlobalSection(NestedProjects) = preSolution
		{AE37770D-3D4B-4795-86FA-45AAD02645E2} = {827E0CD3-B72D-47B6-A68D-7590B98EB39B}
		{2F4ABE4C-A763-4163-B1EC-54C74B0F69FE} = {827E0CD3-B72D-47B6-A68D-7590B98EB39B}
		{D645DA1A-F325-4F0E-9D36-314443F4ED8E} = {827E0CD3-B72D-47B6-A68D-7590B98EB39B}
		{26F97B4F-0E60-455B-97B3-26821928293A} = {827E0CD3-B72D-47B6-A68D-7590B98EB39B}
		{E1B664FF-1086-492F-B6C8-B2175672034A} = {827E0CD3-B72D-47B6-A68D-7590B98EB39B}
		{0935B452-05C1-4011-A57A-5920C0C6045E} = {827E0CD3-B72D-47B6-A68D-7590B98EB39B}
		{B74D8D4B-C8B8-4E96-B37B-B9B2F9271E4B} = {827E0CD3-B72D-47B6-A68D-7590B98EB39B}
	EndGlobalSection
EndGlobal
