
Microsoft Visual Studio Solution File, Format Version 12.00
# Visual Studio Version 18
VisualStudioVersion = 18.3.11312.210
MinimumVisualStudioVersion = 10.0.40219.1
Project("{FAE04EC0-301F-11D3-BF4B-00C04F79EFBC}") = "QMSFlowDoc.Shared", "src\QMSFlowDoc.Shared\QMSFlowDoc.Shared.csproj", "{7C2E4F2B-2B2B-4B2B-8B2B-2B2B2B2B2B2B}"
EndProject
Project("{2150E333-8FDC-42A3-9474-1A3956D46DE8}") = "src", "src", "{827E0CD3-B72D-47B6-A68D-7590B98EB39B}"
EndProject
Project("{FAE04EC0-301F-11D3-BF4B-00C04F79EFBC}") = "QMSFlowDoc.Client", "src\QMSFlowDoc.Client\QMSFlowDoc.Client.csproj", "{AE37770D-3D4B-4795-86FA-45AAD02645E2}"
EndProject
Project("{FAE04EC0-301F-11D3-BF4B-00C04F79EFBC}") = "QMSFlowDoc.Package", "src\QMSFlowDoc.Package\QMSFlowDoc.Package.csproj", "{970113B0-60EA-4B43-8783-4BDFBF5A5C9D}"
EndProject
Global
	GlobalSection(SolutionConfigurationPlatforms) = preSolution
		Debug|Any CPU = Debug|Any CPU
		Debug|x64 = Debug|x64
		Debug|x86 = Debug|x86
		Release|Any CPU = Release|Any CPU
		Release|x64 = Release|x64
		Release|x86 = Release|x86
	EndGlobalSection
	GlobalSection(ProjectConfigurationPlatforms) = postSolution
		{7C2E4F2B-2B2B-4B2B-8B2B-2B2B2B2B2B2B}.Debug|Any CPU.ActiveCfg = Debug|Any CPU
		{7C2E4F2B-2B2B-4B2B-8B2B-2B2B2B2B2B2B}.Debug|Any CPU.Build.0 = Debug|Any CPU
		{7C2E4F2B-2B2B-4B2B-8B2B-2B2B2B2B2B2B}.Debug|x64.ActiveCfg = Debug|Any CPU
		{7C2E4F2B-2B2B-4B2B-8B2B-2B2B2B2B2B2B}.Debug|x64.Build.0 = Debug|Any CPU
		{7C2E4F2B-2B2B-4B2B-8B2B-2B2B2B2B2B2B}.Debug|x86.ActiveCfg = Debug|Any CPU
		{7C2E4F2B-2B2B-4B2B-8B2B-2B2B2B2B2B2B}.Debug|x86.Build.0 = Debug|Any CPU
		{7C2E4F2B-2B2B-4B2B-8B2B-2B2B2B2B2B2B}.Release|Any CPU.ActiveCfg = Release|Any CPU
		{7C2E4F2B-2B2B-4B2B-8B2B-2B2B2B2B2B2B}.Release|Any CPU.Build.0 = Release|Any CPU
		{7C2E4F2B-2B2B-4B2B-8B2B-2B2B2B2B2B2B}.Release|x64.ActiveCfg = Release|Any CPU
		{7C2E4F2B-2B2B-4B2B-8B2B-2B2B2B2B2B2B}.Release|x64.Build.0 = Release|Any CPU
		{7C2E4F2B-2B2B-4B2B-8B2B-2B2B2B2B2B2B}.Release|x86.ActiveCfg = Release|Any CPU
		{7C2E4F2B-2B2B-4B2B-8B2B-2B2B2B2B2B2B}.Release|x86.Build.0 = Release|Any CPU
		{AE37770D-3D4B-4795-86FA-45AAD02645E2}.Debug|Any CPU.ActiveCfg = Debug|x86
		{AE37770D-3D4B-4795-86FA-45AAD02645E2}.Debug|Any CPU.Build.0 = Debug|x86
		{AE37770D-3D4B-4795-86FA-45AAD02645E2}.Debug|x64.ActiveCfg = Debug|x64
		{AE37770D-3D4B-4795-86FA-45AAD02645E2}.Debug|x64.Build.0 = Debug|x64
		{AE37770D-3D4B-4795-86FA-45AAD02645E2}.Debug|x86.ActiveCfg = Debug|x86
		{AE37770D-3D4B-4795-86FA-45AAD02645E2}.Debug|x86.Build.0 = Debug|x86
		{AE37770D-3D4B-4795-86FA-45AAD02645E2}.Release|Any CPU.ActiveCfg = Release|x86
		{AE37770D-3D4B-4795-86FA-45AAD02645E2}.Release|Any CPU.Build.0 = Release|x86
		{AE37770D-3D4B-4795-86FA-45AAD02645E2}.Release|x64.ActiveCfg = Release|x64
		{AE37770D-3D4B-4795-86FA-45AAD02645E2}.Release|x64.Build.0 = Release|x64
		{AE37770D-3D4B-4795-86FA-45AAD02645E2}.Release|x86.ActiveCfg = Release|x86
		{AE37770D-3D4B-4795-86FA-45AAD02645E2}.Release|x86.Build.0 = Release|x86
		{970113B0-60EA-4B43-8783-4BDFBF5A5C9D}.Debug|Any CPU.ActiveCfg = Debug|x64
		{970113B0-60EA-4B43-8783-4BDFBF5A5C9D}.Debug|Any CPU.Build.0 = Debug|x64
		{970113B0-60EA-4B43-8783-4BDFBF5A5C9D}.Debug|Any CPU.Deploy.0 = Debug|x64
		{970113B0-60EA-4B43-8783-4BDFBF5A5C9D}.Debug|x64.ActiveCfg = Debug|x64
		{970113B0-60EA-4B43-8783-4BDFBF5A5C9D}.Debug|x64.Build.0 = Debug|x64
		{970113B0-60EA-4B43-8783-4BDFBF5A5C9D}.Debug|x64.Deploy.0 = Debug|x64
		{970113B0-60EA-4B43-8783-4BDFBF5A5C9D}.Debug|x86.ActiveCfg = Debug|x86
		{970113B0-60EA-4B43-8783-4BDFBF5A5C9D}.Debug|x86.Build.0 = Debug|x86
		{970113B0-60EA-4B43-8783-4BDFBF5A5C9D}.Debug|x86.Deploy.0 = Debug|x86
		{970113B0-60EA-4B43-8783-4BDFBF5A5C9D}.Release|Any CPU.ActiveCfg = Release|x64
		{970113B0-60EA-4B43-8783-4BDFBF5A5C9D}.Release|Any CPU.Build.0 = Release|x64
		{970113B0-60EA-4B43-8783-4BDFBF5A5C9D}.Release|Any CPU.Deploy.0 = Release|x64
		{970113B0-60EA-4B43-8783-4BDFBF5A5C9D}.Release|x64.ActiveCfg = Release|x64
		{970113B0-60EA-4B43-8783-4BDFBF5A5C9D}.Release|x64.Build.0 = Release|x64
		{970113B0-60EA-4B43-8783-4BDFBF5A5C9D}.Release|x64.Deploy.0 = Release|x64
		{970113B0-60EA-4B43-8783-4BDFBF5A5C9D}.Release|x86.ActiveCfg = Release|x86
		{970113B0-60EA-4B43-8783-4BDFBF5A5C9D}.Release|x86.Build.0 = Release|x86
		{970113B0-60EA-4B43-8783-4BDFBF5A5C9D}.Release|x86.Deploy.0 = Release|x86
	EndGlobalSection
	GlobalSection(SolutionProperties) = preSolution
		HideSolutionNode = FALSE
	EndGlobalSection
	GlobalSection(NestedProjects) = preSolution
		{AE37770D-3D4B-4795-86FA-45AAD02645E2} = {827E0CD3-B72D-47B6-A68D-7590B98EB39B}
	EndGlobalSection
EndGlobal
